
Microsoft Visual Studio Solution File, Format Version 12.00
# Visual Studio Version 16
VisualStudioVersion = 16.0.30011.22
MinimumVisualStudioVersion = 10.0.40219.1
Project("{888888A0-9F3D-457C-B088-3A5042F75D52}") = "tubes_comvis", "tubes_comvis.pyproj", "{FB88A4C1-C157-4A83-A94A-399AB1CD5162}"
EndProject
Global
	GlobalSection(SolutionConfigurationPlatforms) = preSolution
		Debug|Any CPU = Debug|Any CPU
		Release|Any CPU = Release|Any CPU
	EndGlobalSection
	GlobalSection(ProjectConfigurationPlatforms) = postSolution
		{FB88A4C1-C157-4A83-A94A-399AB1CD5162}.Debug|Any CPU.ActiveCfg = Debug|Any CPU
		{FB88A4C1-C157-4A83-A94A-399AB1CD5162}.Release|Any CPU.ActiveCfg = Release|Any CPU
	EndGlobalSection
	GlobalSection(SolutionProperties) = preSolution
		HideSolutionNode = FALSE
	EndGlobalSection
	GlobalSection(ExtensibilityGlobals) = postSolution
		SolutionGuid = {64DD5239-A627-4849-BD14-349469A14F15}
	EndGlobalSection
EndGlobal
